
Microsoft Visual Studio Solution File, Format Version 12.00
# Visual Studio Version 16
VisualStudioVersion = 16.0.31702.278
MinimumVisualStudioVersion = 10.0.40219.1
Project("{FAE04EC0-301F-11D3-BF4B-00C04F79EFBC}") = "SnS Banking", "SnS Banking\SnS Banking.csproj", "{32CA7DE1-9F10-4D4F-A7FB-0BC420D7B86F}"
EndProject
Global
	GlobalSection(SolutionConfigurationPlatforms) = preSolution
		Debug|Any CPU = Debug|Any CPU
		Release|Any CPU = Release|Any CPU
	EndGlobalSection
	GlobalSection(ProjectConfigurationPlatforms) = postSolution
		{32CA7DE1-9F10-4D4F-A7FB-0BC420D7B86F}.Debug|Any CPU.ActiveCfg = Debug|Any CPU
		{32CA7DE1-9F10-4D4F-A7FB-0BC420D7B86F}.Debug|Any CPU.Build.0 = Debug|Any CPU
		{32CA7DE1-9F10-4D4F-A7FB-0BC420D7B86F}.Release|Any CPU.ActiveCfg = Release|Any CPU
		{32CA7DE1-9F10-4D4F-A7FB-0BC420D7B86F}.Release|Any CPU.Build.0 = Release|Any CPU
	EndGlobalSection
	GlobalSection(SolutionProperties) = preSolution
		HideSolutionNode = FALSE
	EndGlobalSection
	GlobalSection(ExtensibilityGlobals) = postSolution
		SolutionGuid = {59D7F3D4-AE26-452A-BA11-F4F31F1DC9EE}
	EndGlobalSection
EndGlobal
